// !$*UTF8*$!
{
	archiveVersion = 1;
	classes = {
	};
	objectVersion = 77;
	objects = {

/* Begin PBXBuildFile section */
		E60962392E55B6CD00950939 /* FirebaseAuth in Frameworks */ = {isa = PBXBuildFile; productRef = E60962382E55B6CD00950939 /* FirebaseAuth */; };
		E609623B2E55B6CD00950939 /* FirebaseCore in Frameworks */ = {isa = PBXBuildFile; productRef = E609623A2E55B6CD00950939 /* FirebaseCore */; };
		E609623D2E55B6CD00950939 /* FirebaseFirestore in Frameworks */ = {isa = PBXBuildFile; productRef = E609623C2E55B6CD00950939 /* FirebaseFirestore */; };
		E6265C3D2E98ED3A00B4BC85 /* StoreKit.framework in Frameworks */ = {isa = PBXBuildFile; fileRef = E6265C3C2E98ED3A00B4BC85 /* StoreKit.framework */; };
		E690EE9E2EBC1F8B00274435 /* Configuration.storekit in Resources */ = {isa = PBXBuildFile; fileRef = E690EE9D2EBC1F8B00274435 /* Configuration.storekit */; };
/* End PBXBuildFile section */

/* Begin PBXContainerItemProxy section */
		E631E7E82E51C3F400EAD3D5 /* PBXContainerItemProxy */ = {
			isa = PBXContainerItemProxy;
			containerPortal = E631E7CD2E51C3F300EAD3D5 /* Project object */;
			proxyType = 1;
			remoteGlobalIDString = E631E7D42E51C3F300EAD3D5;
			remoteInfo = "D2D Advancer";
		};
		E631E7F22E51C3F400EAD3D5 /* PBXContainerItemProxy */ = {
			isa = PBXContainerItemProxy;
			containerPortal = E631E7CD2E51C3F300EAD3D5 /* Project object */;
			proxyType = 1;
			remoteGlobalIDString = E631E7D42E51C3F300EAD3D5;
			remoteInfo = "D2D Advancer";
		};
/* End PBXContainerItemProxy section */

/* Begin PBXFileReference section */
		E6265C3C2E98ED3A00B4BC85 /* StoreKit.framework */ = {isa = PBXFileReference; lastKnownFileType = wrapper.framework; name = StoreKit.framework; path = System/Library/Frameworks/StoreKit.framework; sourceTree = SDKROOT; };
		E631E7D52E51C3F300EAD3D5 /* D2D Advancer.app */ = {isa = PBXFileReference; explicitFileType = wrapper.application; includeInIndex = 0; path = "D2D Advancer.app"; sourceTree = BUILT_PRODUCTS_DIR; };
		E631E7E72E51C3F400EAD3D5 /* D2D AdvancerTests.xctest */ = {isa = PBXFileReference; explicitFileType = wrapper.cfbundle; includeInIndex = 0; path = "D2D AdvancerTests.xctest"; sourceTree = BUILT_PRODUCTS_DIR; };
		E631E7F12E51C3F400EAD3D5 /* D2D AdvancerUITests.xctest */ = {isa = PBXFileReference; explicitFileType = wrapper.cfbundle; includeInIndex = 0; path = "D2D AdvancerUITests.xctest"; sourceTree = BUILT_PRODUCTS_DIR; };
		E690EE9D2EBC1F8B00274435 /* Configuration.storekit */ = {isa = PBXFileReference; lastKnownFileType = text; path = Configuration.storekit; sourceTree = "<group>"; };
/* End PBXFileReference section */

/* Begin PBXFileSystemSynchronizedRootGroup section */
		E631E7D72E51C3F300EAD3D5 /* D2D Advancer */ = {
			isa = PBXFileSystemSynchronizedRootGroup;
			path = "D2D Advancer";
			sourceTree = "<group>";
		};
		E631E7EA2E51C3F400EAD3D5 /* D2D AdvancerTests */ = {
			isa = PBXFileSystemSynchronizedRootGroup;
			path = "D2D AdvancerTests";
			sourceTree = "<group>";
		};
		E631E7F42E51C3F400EAD3D5 /* D2D AdvancerUITests */ = {
			isa = PBXFileSystemSynchronizedRootGroup;
			path = "D2D AdvancerUITests";
			sourceTree = "<group>";
		};
/* End PBXFileSystemSynchronizedRootGroup section */

/* Begin PBXFrameworksBuildPhase section */
		E631E7D22E51C3F300EAD3D5 /* Frameworks */ = {
			isa = PBXFrameworksBuildPhase;
			buildActionMask = 2147483647;
			files = (
				E609623B2E55B6CD00950939 /* FirebaseCore in Frameworks */,
				E60962392E55B6CD00950939 /* FirebaseAuth in Frameworks */,
				E609623D2E55B6CD00950939 /* FirebaseFirestore in Frameworks */,
				E6265C3D2E98ED3A00B4BC85 /* StoreKit.framework in Frameworks */,
			);
			runOnlyForDeploymentPostprocessing = 0;
		};
		E631E7E42E51C3F400EAD3D5 /* Frameworks */ = {
			isa = PBXFrameworksBuildPhase;
			buildActionMask = 2147483647;
			files = (
			);
			runOnlyForDeploymentPostprocessing = 0;
		};
		E631E7EE2E51C3F400EAD3D5 /* Frameworks */ = {
			isa = PBXFrameworksBuildPhase;
			buildActionMask = 2147483647;
			files = (
			);
			runOnlyForDeploymentPostprocessing = 0;
		};
/* End PBXFrameworksBuildPhase section */

/* Begin PBXGroup section */
		E6265C3B2E98ED3A00B4BC85 /* Frameworks */ = {
			isa = PBXGroup;
			children = (
				E6265C3C2E98ED3A00B4BC85 /* StoreKit.framework */,
			);
			name = Frameworks;
			sourceTree = "<group>";
		};
		E631E7CC2E51C3F300EAD3D5 = {
			isa = PBXGroup;
			children = (
				E690EE9D2EBC1F8B00274435 /* Configuration.storekit */,
				E631E7D72E51C3F300EAD3D5 /* D2D Advancer */,
				E631E7EA2E51C3F400EAD3D5 /* D2D AdvancerTests */,
				E631E7F42E51C3F400EAD3D5 /* D2D AdvancerUITests */,
				E6265C3B2E98ED3A00B4BC85 /* Frameworks */,
				E631E7D62E51C3F300EAD3D5 /* Products */,
			);
			sourceTree = "<group>";
		};
		E631E7D62E51C3F300EAD3D5 /* Products */ = {
			isa = PBXGroup;
			children = (
				E631E7D52E51C3F300EAD3D5 /* D2D Advancer.app */,
				E631E7E72E51C3F400EAD3D5 /* D2D AdvancerTests.xctest */,
				E631E7F12E51C3F400EAD3D5 /* D2D AdvancerUITests.xctest */,
			);
			name = Products;
			sourceTree = "<group>";
		};
/* End PBXGroup section */

/* Begin PBXNativeTarget section */
		E631E7D42E51C3F300EAD3D5 /* D2D Advancer */ = {
			isa = PBXNativeTarget;
			buildConfigurationList = E631E7FB2E51C3F400EAD3D5 /* Build configuration list for PBXNativeTarget "D2D Advancer" */;
			buildPhases = (
				E631E7D12E51C3F300EAD3D5 /* Sources */,
				E631E7D22E51C3F300EAD3D5 /* Frameworks */,
				E631E7D32E51C3F300EAD3D5 /* Resources */,
			);
			buildRules = (
			);
			dependencies = (
			);
			fileSystemSynchronizedGroups = (
				E631E7D72E51C3F300EAD3D5 /* D2D Advancer */,
			);
			name = "D2D Advancer";
			packageProductDependencies = (
				E60962382E55B6CD00950939 /* FirebaseAuth */,
				E609623A2E55B6CD00950939 /* FirebaseCore */,
				E609623C2E55B6CD00950939 /* FirebaseFirestore */,
			);
			productName = "D2D Advancer";
			productReference = E631E7D52E51C3F300EAD3D5 /* D2D Advancer.app */;
			productType = "com.apple.product-type.application";
		};
		E631E7E62E51C3F400EAD3D5 /* D2D AdvancerTests */ = {
			isa = PBXNativeTarget;
			buildConfigurationList = E631E7FE2E51C3F400EAD3D5 /* Build configuration list for PBXNativeTarget "D2D AdvancerTests" */;
			buildPhases = (
				E631E7E32E51C3F400EAD3D5 /* Sources */,
				E631E7E42E51C3F400EAD3D5 /* Frameworks */,
				E631E7E52E51C3F400EAD3D5 /* Resources */,
			);
			buildRules = (
			);
			dependencies = (
				E631E7E92E51C3F400EAD3D5 /* PBXTargetDependency */,
			);
			fileSystemSynchronizedGroups = (
				E631E7EA2E51C3F400EAD3D5 /* D2D AdvancerTests */,
			);
			name = "D2D AdvancerTests";
			packageProductDependencies = (
			);
			productName = "D2D AdvancerTests";
			productReference = E631E7E72E51C3F400EAD3D5 /* D2D AdvancerTests.xctest */;
			productType = "com.apple.product-type.bundle.unit-test";
		};
		E631E7F02E51C3F400EAD3D5 /* D2D AdvancerUITests */ = {
			isa = PBXNativeTarget;
			buildConfigurationList = E631E8012E51C3F400EAD3D5 /* Build configuration list for PBXNativeTarget "D2D AdvancerUITests" */;
			buildPhases = (
				E631E7ED2E51C3F400EAD3D5 /* Sources */,
				E631E7EE2E51C3F400EAD3D5 /* Frameworks */,
				E631E7EF2E51C3F400EAD3D5 /* Resources */,
			);
			buildRules = (
			);
			dependencies = (
				E631E7F32E51C3F400EAD3D5 /* PBXTargetDependency */,
			);
			fileSystemSynchronizedGroups = (
				E631E7F42E51C3F400EAD3D5 /* D2D AdvancerUITests */,
			);
			name = "D2D AdvancerUITests";
			packageProductDependencies = (
			);
			productName = "D2D AdvancerUITests";
			productReference = E631E7F12E51C3F400EAD3D5 /* D2D AdvancerUITests.xctest */;
			productType = "com.apple.product-type.bundle.ui-testing";
		};
/* End PBXNativeTarget section */

/* Begin PBXProject section */
		E631E7CD2E51C3F300EAD3D5 /* Project object */ = {
			isa = PBXProject;
			attributes = {
				BuildIndependentTargetsInParallel = 1;
				LastSwiftUpdateCheck = 1640;
				LastUpgradeCheck = 2600;
				TargetAttributes = {
					E631E7D42E51C3F300EAD3D5 = {
						CreatedOnToolsVersion = 16.4;
					};
					E631E7E62E51C3F400EAD3D5 = {
						CreatedOnToolsVersion = 16.4;
						TestTargetID = E631E7D42E51C3F300EAD3D5;
					};
					E631E7F02E51C3F400EAD3D5 = {
						CreatedOnToolsVersion = 16.4;
						TestTargetID = E631E7D42E51C3F300EAD3D5;
					};
				};
			};
			buildConfigurationList = E631E7D02E51C3F300EAD3D5 /* Build configuration list for PBXProject "D2D Advancer" */;
			developmentRegion = en;
			hasScannedForEncodings = 0;
			knownRegions = (
				en,
				Base,
			);
			mainGroup = E631E7CC2E51C3F300EAD3D5;
			minimizedProjectReferenceProxies = 1;
			packageReferences = (
				E60962372E55B6CD00950939 /* XCRemoteSwiftPackageReference "firebase-ios-sdk" */,
			);
			preferredProjectObjectVersion = 77;
			productRefGroup = E631E7D62E51C3F300EAD3D5 /* Products */;
			projectDirPath = "";
			projectRoot = "";
			targets = (
				E631E7D42E51C3F300EAD3D5 /* D2D Advancer */,
				E631E7E62E51C3F400EAD3D5 /* D2D AdvancerTests */,
				E631E7F02E51C3F400EAD3D5 /* D2D AdvancerUITests */,
			);
		};
/* End PBXProject section */

/* Begin PBXResourcesBuildPhase section */
		E631E7D32E51C3F300EAD3D5 /* Resources */ = {
			isa = PBXResourcesBuildPhase;
			buildActionMask = 2147483647;
			files = (
				E690EE9E2EBC1F8B00274435 /* Configuration.storekit in Resources */,
			);
			runOnlyForDeploymentPostprocessing = 0;
		};
		E631E7E52E51C3F400EAD3D5 /* Resources */ = {
			isa = PBXResourcesBuildPhase;
			buildActionMask = 2147483647;
			files = (
			);
			runOnlyForDeploymentPostprocessing = 0;
		};
		E631E7EF2E51C3F400EAD3D5 /* Resources */ = {
			isa = PBXResourcesBuildPhase;
			buildActionMask = 2147483647;
			files = (
			);
			runOnlyForDeploymentPostprocessing = 0;
		};
/* End PBXResourcesBuildPhase section */

/* Begin PBXSourcesBuildPhase section */
		E631E7D12E51C3F300EAD3D5 /* Sources */ = {
			isa = PBXSourcesBuildPhase;
			buildActionMask = 2147483647;
			files = (
			);
			runOnlyForDeploymentPostprocessing = 0;
		};
		E631E7E32E51C3F400EAD3D5 /* Sources */ = {
			isa = PBXSourcesBuildPhase;
			buildActionMask = 2147483647;
			files = (
			);
			runOnlyForDeploymentPostprocessing = 0;
		};
		E631E7ED2E51C3F400EAD3D5 /* Sources */ = {
			isa = PBXSourcesBuildPhase;
			buildActionMask = 2147483647;
			files = (
			);
			runOnlyForDeploymentPostprocessing = 0;
		};
/* End PBXSourcesBuildPhase section */

/* Begin PBXTargetDependency section */
		E631E7E92E51C3F400EAD3D5 /* PBXTargetDependency */ = {
			isa = PBXTargetDependency;
			target = E631E7D42E51C3F300EAD3D5 /* D2D Advancer */;
			targetProxy = E631E7E82E51C3F400EAD3D5 /* PBXContainerItemProxy */;
		};
		E631E7F32E51C3F400EAD3D5 /* PBXTargetDependency */ = {
			isa = PBXTargetDependency;
			target = E631E7D42E51C3F300EAD3D5 /* D2D Advancer */;
			targetProxy = E631E7F22E51C3F400EAD3D5 /* PBXContainerItemProxy */;
		};
/* End PBXTargetDependency section */

/* Begin XCBuildConfiguration section */
		E631E7F92E51C3F400EAD3D5 /* Debug */ = {
			isa = XCBuildConfiguration;
			buildSettings = {
				ALWAYS_SEARCH_USER_PATHS = NO;
				ASSETCATALOG_COMPILER_GENERATE_SWIFT_ASSET_SYMBOL_EXTENSIONS = YES;
				CLANG_ANALYZER_NONNULL = YES;
				CLANG_ANALYZER_NUMBER_OBJECT_CONVERSION = YES_AGGRESSIVE;
				CLANG_CXX_LANGUAGE_STANDARD = "gnu++20";
				CLANG_ENABLE_MODULES = YES;
				CLANG_ENABLE_OBJC_ARC = YES;
				CLANG_ENABLE_OBJC_WEAK = YES;
				CLANG_WARN_BLOCK_CAPTURE_AUTORELEASING = YES;
				CLANG_WARN_BOOL_CONVERSION = YES;
				CLANG_WARN_COMMA = YES;
				CLANG_WARN_CONSTANT_CONVERSION = YES;
				CLANG_WARN_DEPRECATED_OBJC_IMPLEMENTATIONS = YES;
				CLANG_WARN_DIRECT_OBJC_ISA_USAGE = YES_ERROR;
				CLANG_WARN_DOCUMENTATION_COMMENTS = YES;
				CLANG_WARN_EMPTY_BODY = YES;
				CLANG_WARN_ENUM_CONVERSION = YES;
				CLANG_WARN_INFINITE_RECURSION = YES;
				CLANG_WARN_INT_CONVERSION = YES;
				CLANG_WARN_NON_LITERAL_NULL_CONVERSION = YES;
				CLANG_WARN_OBJC_IMPLICIT_RETAIN_SELF = YES;
				CLANG_WARN_OBJC_LITERAL_CONVERSION = YES;
				CLANG_WARN_OBJC_ROOT_CLASS = YES_ERROR;
				CLANG_WARN_QUOTED_INCLUDE_IN_FRAMEWORK_HEADER = YES;
				CLANG_WARN_RANGE_LOOP_ANALYSIS = YES;
				CLANG_WARN_STRICT_PROTOTYPES = YES;
				CLANG_WARN_SUSPICIOUS_MOVE = YES;
				CLANG_WARN_UNGUARDED_AVAILABILITY = YES_AGGRESSIVE;
				CLANG_WARN_UNREACHABLE_CODE = YES;
				CLANG_WARN__DUPLICATE_METHOD_MATCH = YES;
				COPY_PHASE_STRIP = NO;
				DEBUG_INFORMATION_FORMAT = dwarf;
				ENABLE_STRICT_OBJC_MSGSEND = YES;
				ENABLE_TESTABILITY = YES;
				ENABLE_USER_SCRIPT_SANDBOXING = YES;
				GCC_C_LANGUAGE_STANDARD = gnu17;
				GCC_DYNAMIC_NO_PIC = NO;
				GCC_NO_COMMON_BLOCKS = YES;
				GCC_OPTIMIZATION_LEVEL = 0;
				GCC_PREPROCESSOR_DEFINITIONS = (
					"DEBUG=1",
					"$(inherited)",
				);
				GCC_WARN_64_TO_32_BIT_CONVERSION = YES;
				GCC_WARN_ABOUT_RETURN_TYPE = YES_ERROR;
				GCC_WARN_UNDECLARED_SELECTOR = YES;
				GCC_WARN_UNINITIALIZED_AUTOS = YES_AGGRESSIVE;
				GCC_WARN_UNUSED_FUNCTION = YES;
				GCC_WARN_UNUSED_VARIABLE = YES;
				IPHONEOS_DEPLOYMENT_TARGET = 18.5;
				LOCALIZATION_PREFERS_STRING_CATALOGS = YES;
				MTL_ENABLE_DEBUG_INFO = INCLUDE_SOURCE;
				MTL_FAST_MATH = YES;
				ONLY_ACTIVE_ARCH = YES;
				SDKROOT = iphoneos;
				STRING_CATALOG_GENERATE_SYMBOLS = YES;
				SWIFT_ACTIVE_COMPILATION_CONDITIONS = "DEBUG $(inherited)";
				SWIFT_OPTIMIZATION_LEVEL = "-Onone";
			};
			name = Debug;
		};
		E631E7FA2E51C3F400EAD3D5 /* Release */ = {
			isa = XCBuildConfiguration;
			buildSettings = {
				ALWAYS_SEARCH_USER_PATHS = NO;
				ASSETCATALOG_COMPILER_GENERATE_SWIFT_ASSET_SYMBOL_EXTENSIONS = YES;
				CLANG_ANALYZER_NONNULL = YES;
				CLANG_ANALYZER_NUMBER_OBJECT_CONVERSION = YES_AGGRESSIVE;
				CLANG_CXX_LANGUAGE_STANDARD = "gnu++20";
				CLANG_ENABLE_MODULES = YES;
				CLANG_ENABLE_OBJC_ARC = YES;
				CLANG_ENABLE_OBJC_WEAK = YES;
				CLANG_WARN_BLOCK_CAPTURE_AUTORELEASING = YES;
				CLANG_WARN_BOOL_CONVERSION = YES;
				CLANG_WARN_COMMA = YES;
				CLANG_WARN_CONSTANT_CONVERSION = YES;
				CLANG_WARN_DEPRECATED_OBJC_IMPLEMENTATIONS = YES;
				CLANG_WARN_DIRECT_OBJC_ISA_USAGE = YES_ERROR;
				CLANG_WARN_DOCUMENTATION_COMMENTS = YES;
				CLANG_WARN_EMPTY_BODY = YES;
				CLANG_WARN_ENUM_CONVERSION = YES;
				CLANG_WARN_INFINITE_RECURSION = YES;
				CLANG_WARN_INT_CONVERSION = YES;
				CLANG_WARN_NON_LITERAL_NULL_CONVERSION = YES;
				CLANG_WARN_OBJC_IMPLICIT_RETAIN_SELF = YES;
				CLANG_WARN_OBJC_LITERAL_CONVERSION = YES;
				CLANG_WARN_OBJC_ROOT_CLASS = YES_ERROR;
				CLANG_WARN_QUOTED_INCLUDE_IN_FRAMEWORK_HEADER = YES;
				CLANG_WARN_RANGE_LOOP_ANALYSIS = YES;
				CLANG_WARN_STRICT_PROTOTYPES = YES;
				CLANG_WARN_SUSPICIOUS_MOVE = YES;
				CLANG_WARN_UNGUARDED_AVAILABILITY = YES_AGGRESSIVE;
				CLANG_WARN_UNREACHABLE_CODE = YES;
				CLANG_WARN__DUPLICATE_METHOD_MATCH = YES;
				COPY_PHASE_STRIP = NO;
				DEBUG_INFORMATION_FORMAT = "dwarf-with-dsym";
				ENABLE_NS_ASSERTIONS = NO;
				ENABLE_STRICT_OBJC_MSGSEND = YES;
				ENABLE_USER_SCRIPT_SANDBOXING = YES;
				GCC_C_LANGUAGE_STANDARD = gnu17;
				GCC_NO_COMMON_BLOCKS = YES;
				GCC_WARN_64_TO_32_BIT_CONVERSION = YES;
				GCC_WARN_ABOUT_RETURN_TYPE = YES_ERROR;
				GCC_WARN_UNDECLARED_SELECTOR = YES;
				GCC_WARN_UNINITIALIZED_AUTOS = YES_AGGRESSIVE;
				GCC_WARN_UNUSED_FUNCTION = YES;
				GCC_WARN_UNUSED_VARIABLE = YES;
				IPHONEOS_DEPLOYMENT_TARGET = 18.5;
				LOCALIZATION_PREFERS_STRING_CATALOGS = YES;
				MTL_ENABLE_DEBUG_INFO = NO;
				MTL_FAST_MATH = YES;
				SDKROOT = iphoneos;
				STRING_CATALOG_GENERATE_SYMBOLS = YES;
				SWIFT_COMPILATION_MODE = wholemodule;
				VALIDATE_PRODUCT = YES;
			};
			name = Release;
		};
		E631E7FC2E51C3F400EAD3D5 /* Debug */ = {
			isa = XCBuildConfiguration;
			buildSettings = {
				ASSETCATALOG_COMPILER_APPICON_NAME = AppIcon;
				ASSETCATALOG_COMPILER_GLOBAL_ACCENT_COLOR_NAME = AccentColor;
				CODE_SIGN_STYLE = Automatic;
				CURRENT_PROJECT_VERSION = 1;
				DEVELOPMENT_TEAM = RF247ARQB7;
				ENABLE_PREVIEWS = YES;
				GENERATE_INFOPLIST_FILE = YES;
				INFOPLIST_KEY_CFBundleDisplayName = "D2D Advancer";
				INFOPLIST_KEY_LSApplicationCategoryType = "public.app-category.business";
				INFOPLIST_KEY_NSCalendarsUsageDescription = "D2D Advancer would like access to your Calendar to save scheduled appointments and reminders.";
				INFOPLIST_KEY_NSContactsUsageDescription = "D2D Advancer would like to save your leads to your Contacts app for easy access and to help you stay organized with your door-to-door sales.";
				INFOPLIST_KEY_NSLocationAlwaysAndWhenInUseUsageDescription = "D2D Advancer needs location access to show your current position on the map and help you navigate to leads.";
				INFOPLIST_KEY_NSLocationWhenInUseUsageDescription = "D2D Advancer needs location access to show your current position on the map and help you navigate to leads.";
				INFOPLIST_KEY_UIApplicationSceneManifest_Generation = YES;
				INFOPLIST_KEY_UIApplicationSupportsIndirectInputEvents = YES;
				INFOPLIST_KEY_UILaunchScreen_Generation = YES;
				INFOPLIST_KEY_UIRequiresFullScreen = YES;
				INFOPLIST_KEY_UISupportedInterfaceOrientations = UIInterfaceOrientationPortrait;
				INFOPLIST_KEY_UISupportedInterfaceOrientations_iPad = "UIInterfaceOrientationPortrait UIInterfaceOrientationPortraitUpsideDown";
				LD_RUNPATH_SEARCH_PATHS = (
					"$(inherited)",
					"@executable_path/Frameworks",
				);
				MARKETING_VERSION = 1.1;
				PRODUCT_BUNDLE_IDENTIFIER = "dan1sland.D2D-Advancer";
				PRODUCT_NAME = "$(TARGET_NAME)";
				SUPPORTED_PLATFORMS = "iphoneos iphonesimulator";
				SUPPORTS_MACCATALYST = NO;
				SUPPORTS_MAC_DESIGNED_FOR_IPHONE_IPAD = NO;
				SUPPORTS_XR_DESIGNED_FOR_IPHONE_IPAD = NO;
				SWIFT_EMIT_LOC_STRINGS = YES;
				SWIFT_VERSION = 5.0;
				TARGETED_DEVICE_FAMILY = "1,2";
			};
			name = Debug;
		};
		E631E7FD2E51C3F400EAD3D5 /* Release */ = {
			isa = XCBuildConfiguration;
			buildSettings = {
				ASSETCATALOG_COMPILER_APPICON_NAME = AppIcon;
				ASSETCATALOG_COMPILER_GLOBAL_ACCENT_COLOR_NAME = AccentColor;
				CLANG_GENERATE_DEBUGGING_SYMBOLS = YES;
				CODE_SIGN_STYLE = Automatic;
				CURRENT_PROJECT_VERSION = 1;
				DEVELOPMENT_TEAM = RF247ARQB7;
				ENABLE_PREVIEWS = YES;
				GENERATE_INFOPLIST_FILE = YES;
				INFOPLIST_KEY_CFBundleDisplayName = "D2D Advancer";
				INFOPLIST_KEY_LSApplicationCategoryType = "public.app-category.business";
				INFOPLIST_KEY_NSCalendarsUsageDescription = "D2D Advancer would like access to your Calendar to save scheduled appointments and reminders.";
				INFOPLIST_KEY_NSContactsUsageDescription = "D2D Advancer would like to save your leads to your Contacts app for easy access and to help you stay organized with your door-to-door sales.";
				INFOPLIST_KEY_NSLocationAlwaysAndWhenInUseUsageDescription = "D2D Advancer needs location access to show your current position on the map and help you navigate to leads.";
				INFOPLIST_KEY_NSLocationWhenInUseUsageDescription = "D2D Advancer needs location access to show your current position on the map and help you navigate to leads.";
				INFOPLIST_KEY_UIApplicationSceneManifest_Generation = YES;
				INFOPLIST_KEY_UIApplicationSupportsIndirectInputEvents = YES;
				INFOPLIST_KEY_UILaunchScreen_Generation = YES;
				INFOPLIST_KEY_UIRequiresFullScreen = YES;
				INFOPLIST_KEY_UISupportedInterfaceOrientations = UIInterfaceOrientationPortrait;
				INFOPLIST_KEY_UISupportedInterfaceOrientations_iPad = "UIInterfaceOrientationPortrait UIInterfaceOrientationPortraitUpsideDown";
				LD_RUNPATH_SEARCH_PATHS = (
					"$(inherited)",
					"@executable_path/Frameworks",
				);
				MARKETING_VERSION = 1.1;
				PRODUCT_BUNDLE_IDENTIFIER = "dan1sland.D2D-Advancer";
				PRODUCT_NAME = "$(TARGET_NAME)";
				SUPPORTED_PLATFORMS = "iphoneos iphonesimulator";
				SUPPORTS_MACCATALYST = NO;
				SUPPORTS_MAC_DESIGNED_FOR_IPHONE_IPAD = NO;
				SUPPORTS_XR_DESIGNED_FOR_IPHONE_IPAD = NO;
				SWIFT_EMIT_LOC_STRINGS = YES;
				SWIFT_VERSION = 5.0;
				TARGETED_DEVICE_FAMILY = "1,2";
			};
			name = Release;
		};
		E631E7FF2E51C3F400EAD3D5 /* Debug */ = {
			isa = XCBuildConfiguration;
			buildSettings = {
				BUNDLE_LOADER = "$(TEST_HOST)";
				CODE_SIGN_STYLE = Automatic;
				CURRENT_PROJECT_VERSION = 1;
				GENERATE_INFOPLIST_FILE = YES;
				IPHONEOS_DEPLOYMENT_TARGET = 18.5;
				MARKETING_VERSION = 1.1;
				PRODUCT_BUNDLE_IDENTIFIER = "dan1sland.D2D-AdvancerTests";
				PRODUCT_NAME = "$(TARGET_NAME)";
				SWIFT_EMIT_LOC_STRINGS = NO;
				SWIFT_VERSION = 5.0;
				TARGETED_DEVICE_FAMILY = "1,2";
				TEST_HOST = "$(BUILT_PRODUCTS_DIR)/D2D Advancer.app/$(BUNDLE_EXECUTABLE_FOLDER_PATH)/D2D Advancer";
			};
			name = Debug;
		};
		E631E8002E51C3F400EAD3D5 /* Release */ = {
			isa = XCBuildConfiguration;
			buildSettings = {
				BUNDLE_LOADER = "$(TEST_HOST)";
				CODE_SIGN_STYLE = Automatic;
				CURRENT_PROJECT_VERSION = 1;
				GENERATE_INFOPLIST_FILE = YES;
				IPHONEOS_DEPLOYMENT_TARGET = 18.5;
				MARKETING_VERSION = 1.1;
				PRODUCT_BUNDLE_IDENTIFIER = "dan1sland.D2D-AdvancerTests";
				PRODUCT_NAME = "$(TARGET_NAME)";
				SWIFT_EMIT_LOC_STRINGS = NO;
				SWIFT_VERSION = 5.0;
				TARGETED_DEVICE_FAMILY = "1,2";
				TEST_HOST = "$(BUILT_PRODUCTS_DIR)/D2D Advancer.app/$(BUNDLE_EXECUTABLE_FOLDER_PATH)/D2D Advancer";
			};
			name = Release;
		};
		E631E8022E51C3F400EAD3D5 /* Debug */ = {
			isa = XCBuildConfiguration;
			buildSettings = {
				CODE_SIGN_STYLE = Automatic;
				CURRENT_PROJECT_VERSION = 1;
				GENERATE_INFOPLIST_FILE = YES;
				MARKETING_VERSION = 1.1;
				PRODUCT_BUNDLE_IDENTIFIER = "dan1sland.D2D-AdvancerUITests";
				PRODUCT_NAME = "$(TARGET_NAME)";
				SWIFT_EMIT_LOC_STRINGS = NO;
				SWIFT_VERSION = 5.0;
				TARGETED_DEVICE_FAMILY = "1,2";
				TEST_TARGET_NAME = "D2D Advancer";
			};
			name = Debug;
		};
		E631E8032E51C3F400EAD3D5 /* Release */ = {
			isa = XCBuildConfiguration;
			buildSettings = {
				CODE_SIGN_STYLE = Automatic;
				CURRENT_PROJECT_VERSION = 1;
				GENERATE_INFOPLIST_FILE = YES;
				MARKETING_VERSION = 1.1;
				PRODUCT_BUNDLE_IDENTIFIER = "dan1sland.D2D-AdvancerUITests";
				PRODUCT_NAME = "$(TARGET_NAME)";
				SWIFT_EMIT_LOC_STRINGS = NO;
				SWIFT_VERSION = 5.0;
				TARGETED_DEVICE_FAMILY = "1,2";
				TEST_TARGET_NAME = "D2D Advancer";
			};
			name = Release;
		};
/* End XCBuildConfiguration section */

/* Begin XCConfigurationList section */
		E631E7D02E51C3F300EAD3D5 /* Build configuration list for PBXProject "D2D Advancer" */ = {
			isa = XCConfigurationList;
			buildConfigurations = (
				E631E7F92E51C3F400EAD3D5 /* Debug */,
				E631E7FA2E51C3F400EAD3D5 /* Release */,
			);
			defaultConfigurationIsVisible = 0;
			defaultConfigurationName = Release;
		};
		E631E7FB2E51C3F400EAD3D5 /* Build configuration list for PBXNativeTarget "D2D Advancer" */ = {
			isa = XCConfigurationList;
			buildConfigurations = (
				E631E7FC2E51C3F400EAD3D5 /* Debug */,
				E631E7FD2E51C3F400EAD3D5 /* Release */,
			);
			defaultConfigurationIsVisible = 0;
			defaultConfigurationName = Release;
		};
		E631E7FE2E51C3F400EAD3D5 /* Build configuration list for PBXNativeTarget "D2D AdvancerTests" */ = {
			isa = XCConfigurationList;
			buildConfigurations = (
				E631E7FF2E51C3F400EAD3D5 /* Debug */,
				E631E8002E51C3F400EAD3D5 /* Release */,
			);
			defaultConfigurationIsVisible = 0;
			defaultConfigurationName = Release;
		};
		E631E8012E51C3F400EAD3D5 /* Build configuration list for PBXNativeTarget "D2D AdvancerUITests" */ = {
			isa = XCConfigurationList;
			buildConfigurations = (
				E631E8022E51C3F400EAD3D5 /* Debug */,
				E631E8032E51C3F400EAD3D5 /* Release */,
			);
			defaultConfigurationIsVisible = 0;
			defaultConfigurationName = Release;
		};
/* End XCConfigurationList section */

/* Begin XCRemoteSwiftPackageReference section */
		E60962372E55B6CD00950939 /* XCRemoteSwiftPackageReference "firebase-ios-sdk" */ = {
			isa = XCRemoteSwiftPackageReference;
			repositoryURL = "https://github.com/firebase/firebase-ios-sdk";
			requirement = {
				kind = upToNextMajorVersion;
				minimumVersion = 12.1.0;
			};
		};
/* End XCRemoteSwiftPackageReference section */

/* Begin XCSwiftPackageProductDependency section */
		E60962382E55B6CD00950939 /* FirebaseAuth */ = {
			isa = XCSwiftPackageProductDependency;
			package = E60962372E55B6CD00950939 /* XCRemoteSwiftPackageReference "firebase-ios-sdk" */;
			productName = FirebaseAuth;
		};
		E609623A2E55B6CD00950939 /* FirebaseCore */ = {
			isa = XCSwiftPackageProductDependency;
			package = E60962372E55B6CD00950939 /* XCRemoteSwiftPackageReference "firebase-ios-sdk" */;
			productName = FirebaseCore;
		};
		E609623C2E55B6CD00950939 /* FirebaseFirestore */ = {
			isa = XCSwiftPackageProductDependency;
			package = E60962372E55B6CD00950939 /* XCRemoteSwiftPackageReference "firebase-ios-sdk" */;
			productName = FirebaseFirestore;
		};
/* End XCSwiftPackageProductDependency section */
	};
	rootObject = E631E7CD2E51C3F300EAD3D5 /* Project object */;
}
